
Microsoft Visual Studio Solution File, Format Version 12.00
# Visual Studio Version 16
VisualStudioVersion = 16.0.31515.178
MinimumVisualStudioVersion = 10.0.40219.1
Project("{FAE04EC0-301F-11D3-BF4B-00C04F79EFBC}") = "Projeto60", "Projeto60.csproj", "{CE19F4FD-D0C0-43FF-B9A2-6385DBF3FB40}"
EndProject
Global
	GlobalSection(SolutionConfigurationPlatforms) = preSolution
		Debug|Any CPU = Debug|Any CPU
		Release|Any CPU = Release|Any CPU
	EndGlobalSection
	GlobalSection(ProjectConfigurationPlatforms) = postSolution
		{CE19F4FD-D0C0-43FF-B9A2-6385DBF3FB40}.Debug|Any CPU.ActiveCfg = Debug|Any CPU
		{CE19F4FD-D0C0-43FF-B9A2-6385DBF3FB40}.Debug|Any CPU.Build.0 = Debug|Any CPU
		{CE19F4FD-D0C0-43FF-B9A2-6385DBF3FB40}.Release|Any CPU.ActiveCfg = Release|Any CPU
		{CE19F4FD-D0C0-43FF-B9A2-6385DBF3FB40}.Release|Any CPU.Build.0 = Release|Any CPU
	EndGlobalSection
	GlobalSection(SolutionProperties) = preSolution
		HideSolutionNode = FALSE
	EndGlobalSection
	GlobalSection(ExtensibilityGlobals) = postSolution
		SolutionGuid = {200CD007-9D32-47B2-91F9-03E570AD4A78}
	EndGlobalSection
EndGlobal
